
Microsoft Visual Studio Solution File, Format Version 12.00
# Visual Studio Version 17
VisualStudioVersion = 17.13.35818.85 d17.13
MinimumVisualStudioVersion = 10.0.40219.1
Project("{FAE04EC0-301F-11D3-BF4B-00C04F79EFBC}") = "calculadoradedivisao", "calculadoradedivisao\calculadoradedivisao.csproj", "{61F87723-E212-4CED-9DD7-D9DE6BDF3889}"
EndProject
Global
	GlobalSection(SolutionConfigurationPlatforms) = preSolution
		Debug|Any CPU = Debug|Any CPU
		Release|Any CPU = Release|Any CPU
	EndGlobalSection
	GlobalSection(ProjectConfigurationPlatforms) = postSolution
		{61F87723-E212-4CED-9DD7-D9DE6BDF3889}.Debug|Any CPU.ActiveCfg = Debug|Any CPU
		{61F87723-E212-4CED-9DD7-D9DE6BDF3889}.Debug|Any CPU.Build.0 = Debug|Any CPU
		{61F87723-E212-4CED-9DD7-D9DE6BDF3889}.Release|Any CPU.ActiveCfg = Release|Any CPU
		{61F87723-E212-4CED-9DD7-D9DE6BDF3889}.Release|Any CPU.Build.0 = Release|Any CPU
	EndGlobalSection
	GlobalSection(SolutionProperties) = preSolution
		HideSolutionNode = FALSE
	EndGlobalSection
	GlobalSection(ExtensibilityGlobals) = postSolution
		SolutionGuid = {D4847696-A3C0-4712-B2C2-D6773B512437}
	EndGlobalSection
EndGlobal
